{
  "name": "confluence-oauth",
  "version": "1.0.0",
  "lockfileVersion": 1,
  "requires": true,
  "dependencies": {
    "oauth-advanced": {
      "version": "0.9.1-5.1",
      "resolved": "https://registry.npmjs.org/oauth-advanced/-/oauth-advanced-0.9.1-5.1.tgz",
      "integrity": "sha512-KoPnVgzOsjNZ15eXue+AoFaSCkCvgWcnt2I3vdzQKsyFkJUB60091a6AY5HNYVtxqGihJm1NxQ89Htp8q2PL2Q=="
    }
  }
}
